
Microsoft Visual Studio Solution File, Format Version 12.00
Project("{FAE04EC0-301F-11D3-BF4B-00C04F79EFBC}") = "Translator", "Translator\Translator.csproj", "{91915A50-7BB7-44C0-86D5-D458307CA403}"
EndProject
Global
	GlobalSection(SolutionConfigurationPlatforms) = preSolution
		Debug|Any CPU = Debug|Any CPU
		Release|Any CPU = Release|Any CPU
	EndGlobalSection
	GlobalSection(ProjectConfigurationPlatforms) = postSolution
		{91915A50-7BB7-44C0-86D5-D458307CA403}.Debug|Any CPU.ActiveCfg = Debug|Any CPU
		{91915A50-7BB7-44C0-86D5-D458307CA403}.Debug|Any CPU.Build.0 = Debug|Any CPU
		{91915A50-7BB7-44C0-86D5-D458307CA403}.Release|Any CPU.ActiveCfg = Release|Any CPU
		{91915A50-7BB7-44C0-86D5-D458307CA403}.Release|Any CPU.Build.0 = Release|Any CPU
	EndGlobalSection
EndGlobal
